{
  "object": {
    "pins": [
      {
        "package": "ASN1Swift",
        "repositoryURL": "https://github.com/DuetDisplay/ASN1Swift",
        "state": {
          "branch": null,
          "revision": "de34b5087f2e48a9fbbfaf7e1db24411f65824d9",
          "version": "1.2.5"
        }
      }
    ]
  },
  "version": 1
}
